
Microsoft Visual Studio Solution File, Format Version 12.00
# Visual Studio Version 17
VisualStudioVersion = 17.9.34728.123
MinimumVisualStudioVersion = 10.0.40219.1
Project("{FAE04EC0-301F-11D3-BF4B-00C04F79EFBC}") = "Learning", "Learning\Learning.csproj", "{9CE38A60-85AB-418B-9DBA-08B79018C3A4}"
EndProject
Global
	GlobalSection(SolutionConfigurationPlatforms) = preSolution
		Debug|Any CPU = Debug|Any CPU
		Release|Any CPU = Release|Any CPU
	EndGlobalSection
	GlobalSection(ProjectConfigurationPlatforms) = postSolution
		{9CE38A60-85AB-418B-9DBA-08B79018C3A4}.Debug|Any CPU.ActiveCfg = Debug|Any CPU
		{9CE38A60-85AB-418B-9DBA-08B79018C3A4}.Debug|Any CPU.Build.0 = Debug|Any CPU
		{9CE38A60-85AB-418B-9DBA-08B79018C3A4}.Release|Any CPU.ActiveCfg = Release|Any CPU
		{9CE38A60-85AB-418B-9DBA-08B79018C3A4}.Release|Any CPU.Build.0 = Release|Any CPU
	EndGlobalSection
	GlobalSection(SolutionProperties) = preSolution
		HideSolutionNode = FALSE
	EndGlobalSection
	GlobalSection(ExtensibilityGlobals) = postSolution
		SolutionGuid = {D5A82AF8-2C0F-4C7F-8D9D-73FFA836D494}
	EndGlobalSection
EndGlobal
